{
  "name": "soccermaddy-site",
  "version": "1.0.0",
  "lockfileVersion": 3,
  "requires": true,
  "packages": {
    "": {
      "name": "soccermaddy-site",
      "version": "1.0.0",
      "dependencies": {
        "@napi-rs/canvas": "^0.1.99",
        "@supabase/supabase-js": "^2.104.1"
      }
    },
    "node_modules/@napi-rs/canvas": {
      "version": "0.1.99",
      "resolved": "https://registry.npmjs.org/@napi-rs/canvas/-/canvas-0.1.99.tgz",
      "integrity": "sha512-zN4eQlK3eBf7aJBcTHZilpBH3tDekBzPMIWC8r0s94Ecl73XfOyFi4w7yKFMRVUT0lvNQjtOL8YSrwqQj6mZFg==",
      "license": "MIT",
      "workspaces": [
        "e2e/*"
      ],
      "engines": {
        "node": ">= 10"
      },
      "funding": {
        "type": "github",
        "url": "https://github.com/sponsors/Brooooooklyn"
      },
      "optionalDependencies": {
        "@napi-rs/canvas-android-arm64": "0.1.99",
        "@napi-rs/canvas-darwin-arm64": "0.1.99",
        "@napi-rs/canvas-darwin-x64": "0.1.99",
        "@napi-rs/canvas-linux-arm-gnueabihf": "0.1.99",
        "@napi-rs/canvas-linux-arm64-gnu": "0.1.99",
        "@napi-rs/canvas-linux-arm64-musl": "0.1.99",
        "@napi-rs/canvas-linux-riscv64-gnu": "0.1.99",
        "@napi-rs/canvas-linux-x64-gnu": "0.1.99",
        "@napi-rs/canvas-linux-x64-musl": "0.1.99",
        "@napi-rs/canvas-win32-arm64-msvc": "0.1.99",
        "@napi-rs/canvas-win32-x64-msvc": "0.1.99"
      }
    },
    "node_modules/@napi-rs/canvas-android-arm64": {
      "version": "0.1.99",
      "resolved": "https://registry.npmjs.org/@napi-rs/canvas-android-arm64/-/canvas-android-arm64-0.1.99.tgz",
      "integrity": "sha512-9OCRt8VVxA17m32NWZKyNC2qamdaS/SC5CEOIQwFngRq0DIeVm4PDal+6Ljnhqm2whZiC63DNuKZ4xSp2nbj9w==",
      "cpu": [
        "arm64"
      ],
      "license": "MIT",
      "optional": true,
      "os": [
        "android"
      ],
      "engines": {
        "node": ">= 10"
      },
      "funding": {
        "type": "github",
        "url": "https://github.com/sponsors/Brooooooklyn"
      }
    },
    "node_modules/@napi-rs/canvas-darwin-arm64": {
      "version": "0.1.99",
      "resolved": "https://registry.npmjs.org/@napi-rs/canvas-darwin-arm64/-/canvas-darwin-arm64-0.1.99.tgz",
      "integrity": "sha512-lupMDMy1+H38dhyCcLirOKKVUyzzlxi7j7rGPLI3vViMHOoPjcXO1b10ivy+ad+q6MiwHfoLjKTCoLke5ySOBg==",
      "cpu": [
        "arm64"
      ],
      "license": "MIT",
      "optional": true,
      "os": [
        "darwin"
      ],
      "engines": {
        "node": ">= 10"
      },
      "funding": {
        "type": "github",
        "url": "https://github.com/sponsors/Brooooooklyn"
      }
    },
    "node_modules/@napi-rs/canvas-darwin-x64": {
      "version": "0.1.99",
      "resolved": "https://registry.npmjs.org/@napi-rs/canvas-darwin-x64/-/canvas-darwin-x64-0.1.99.tgz",
      "integrity": "sha512-fdz02t4w8n6Ii/rYhWig6STb/zcTmCC/6YZTGmjoDeidDwn9Wf0ukQVynhCPEs29vqUc66wHZKsuIgMs9tycCg==",
      "cpu": [
        "x64"
      ],
      "license": "MIT",
      "optional": true,
      "os": [
        "darwin"
      ],
      "engines": {
        "node": ">= 10"
      },
      "funding": {
        "type": "github",
        "url": "https://github.com/sponsors/Brooooooklyn"
      }
    },
    "node_modules/@napi-rs/canvas-linux-arm-gnueabihf": {
      "version": "0.1.99",
      "resolved": "https://registry.npmjs.org/@napi-rs/canvas-linux-arm-gnueabihf/-/canvas-linux-arm-gnueabihf-0.1.99.tgz",
      "integrity": "sha512-w4FwVwlNo00ezeRhfY62IVIyt6G3u8wodkPtiqWc52BUHx+VDBUM2vkS3ogfANaLI7hnf3s6WK4LyZVUjBg1lA==",
      "cpu": [
        "arm"
      ],
      "license": "MIT",
      "optional": true,
      "os": [
        "linux"
      ],
      "engines": {
        "node": ">= 10"
      },
      "funding": {
        "type": "github",
        "url": "https://github.com/sponsors/Brooooooklyn"
      }
    },
    "node_modules/@napi-rs/canvas-linux-arm64-gnu": {
      "version": "0.1.99",
      "resolved": "https://registry.npmjs.org/@napi-rs/canvas-linux-arm64-gnu/-/canvas-linux-arm64-gnu-0.1.99.tgz",
      "integrity": "sha512-8JvHeexKQ8c7g0q7YJ29NVQwnf1ePghP9ys9ZN0R0qzyqJQ9Uw6N9qnDINArlm3IYHexB7LjzArIfhQiqSDGvQ==",
      "cpu": [
        "arm64"
      ],
      "license": "MIT",
      "optional": true,
      "os": [
        "linux"
      ],
      "engines": {
        "node": ">= 10"
      },
      "funding": {
        "type": "github",
        "url": "https://github.com/sponsors/Brooooooklyn"
      }
    },
    "node_modules/@napi-rs/canvas-linux-arm64-musl": {
      "version": "0.1.99",
      "resolved": "https://registry.npmjs.org/@napi-rs/canvas-linux-arm64-musl/-/canvas-linux-arm64-musl-0.1.99.tgz",
      "integrity": "sha512-Z+6nyLdJXWzLPVxi4H6g9TJop4DwN3KSgHWto5JCbZV5/uKoVqcSynPs0tGlUHOoWI8S8tEvJspz51GQkvr07w==",
      "cpu": [
        "arm64"
      ],
      "license": "MIT",
      "optional": true,
      "os": [
        "linux"
      ],
      "engines": {
        "node": ">= 10"
      },
      "funding": {
        "type": "github",
        "url": "https://github.com/sponsors/Brooooooklyn"
      }
    },
    "node_modules/@napi-rs/canvas-linux-riscv64-gnu": {
      "version": "0.1.99",
      "resolved": "https://registry.npmjs.org/@napi-rs/canvas-linux-riscv64-gnu/-/canvas-linux-riscv64-gnu-0.1.99.tgz",
      "integrity": "sha512-jAnfOUv4IO1l8Levk5t85oVtEBOXLa07KnIUgWo1CDlPxiqpxS3uBfiE38Lvj/CQgHaNF6Nxk/SaemwLgsVJgw==",
      "cpu": [
        "riscv64"
      ],
      "license": "MIT",
      "optional": true,
      "os": [
        "linux"
      ],
      "engines": {
        "node": ">= 10"
      },
      "funding": {
        "type": "github",
        "url": "https://github.com/sponsors/Brooooooklyn"
      }
    },
    "node_modules/@napi-rs/canvas-linux-x64-gnu": {
      "version": "0.1.99",
      "resolved": "https://registry.npmjs.org/@napi-rs/canvas-linux-x64-gnu/-/canvas-linux-x64-gnu-0.1.99.tgz",
      "integrity": "sha512-mIkXw3fGmbYyFjSmfWEvty4jN+rwEOmv0+Dy9bRvvTzLYWCgm3RMgUEQVfAKFw96nIRFnyNZiK83KNQaVVFjng==",
      "cpu": [
        "x64"
      ],
      "license": "MIT",
      "optional": true,
      "os": [
        "linux"
      ],
      "engines": {
        "node": ">= 10"
      },
      "funding": {
        "type": "github",
        "url": "https://github.com/sponsors/Brooooooklyn"
      }
    },
    "node_modules/@napi-rs/canvas-linux-x64-musl": {
      "version": "0.1.99",
      "resolved": "https://registry.npmjs.org/@napi-rs/canvas-linux-x64-musl/-/canvas-linux-x64-musl-0.1.99.tgz",
      "integrity": "sha512-f3Uz2P0RgrtBHISxZqr6yiYXJlTDyCVBumDacxo+4AmSg7z0HiqYZKGWC/gszq3fbPhyQUya1W2AEteKxT9Y6A==",
      "cpu": [
        "x64"
      ],
      "license": "MIT",
      "optional": true,
      "os": [
        "linux"
      ],
      "engines": {
        "node": ">= 10"
      },
      "funding": {
        "type": "github",
        "url": "https://github.com/sponsors/Brooooooklyn"
      }
    },
    "node_modules/@napi-rs/canvas-win32-arm64-msvc": {
      "version": "0.1.99",
      "resolved": "https://registry.npmjs.org/@napi-rs/canvas-win32-arm64-msvc/-/canvas-win32-arm64-msvc-0.1.99.tgz",
      "integrity": "sha512-XE6KUkfqRsCNejcoRMiMr3RaUeObxNf6y7dut3hrq2rn7PzfRTZgrjF1F/B2C7FcdgqY/vSHWpQeMuNz1vTNHg==",
      "cpu": [
        "arm64"
      ],
      "license": "MIT",
      "optional": true,
      "os": [
        "win32"
      ],
      "engines": {
        "node": ">= 10"
      },
      "funding": {
        "type": "github",
        "url": "https://github.com/sponsors/Brooooooklyn"
      }
    },
    "node_modules/@napi-rs/canvas-win32-x64-msvc": {
      "version": "0.1.99",
      "resolved": "https://registry.npmjs.org/@napi-rs/canvas-win32-x64-msvc/-/canvas-win32-x64-msvc-0.1.99.tgz",
      "integrity": "sha512-plMYGVbc/vmmPF9MtmHbwNk1rL1Aj53vQZt+Gnv1oZn6gmd9jEHHJ0n9Nd2nxa5sKH7TS5IjkCDM6289O0d6PQ==",
      "cpu": [
        "x64"
      ],
      "license": "MIT",
      "optional": true,
      "os": [
        "win32"
      ],
      "engines": {
        "node": ">= 10"
      },
      "funding": {
        "type": "github",
        "url": "https://github.com/sponsors/Brooooooklyn"
      }
    },
    "node_modules/@supabase/auth-js": {
      "version": "2.104.1",
      "resolved": "https://registry.npmjs.org/@supabase/auth-js/-/auth-js-2.104.1.tgz",
      "integrity": "sha512-pqFnDKekq1isqlqnzqzyJ3mzmho+o+FjfVTqhKY3PFlwj2anx3OPznO1kbo1ZEwD8zg1r4EAFf/7pplLyX0ocQ==",
      "license": "MIT",
      "dependencies": {
        "tslib": "2.8.1"
      },
      "engines": {
        "node": ">=20.0.0"
      }
    },
    "node_modules/@supabase/functions-js": {
      "version": "2.104.1",
      "resolved": "https://registry.npmjs.org/@supabase/functions-js/-/functions-js-2.104.1.tgz",
      "integrity": "sha512-JjAH4JN9rZzxh4plQnILPrQZXAG6ccoRS6z9hQAGmXpRSwJA+7CWbsDV2R82I8MROlGDsjqj1Ot/cWpTfdf6xg==",
      "license": "MIT",
      "dependencies": {
        "tslib": "2.8.1"
      },
      "engines": {
        "node": ">=20.0.0"
      }
    },
    "node_modules/@supabase/phoenix": {
      "version": "0.4.0",
      "resolved": "https://registry.npmjs.org/@supabase/phoenix/-/phoenix-0.4.0.tgz",
      "integrity": "sha512-RHSx8bHS02xwfHdAbX5Lpbo6PXbgyf7lTaXTlwtFDPwOIw64NnVRwFAXGojHhjtVYI+PEPNSWwkL90f4agN3bw==",
      "license": "MIT"
    },
    "node_modules/@supabase/postgrest-js": {
      "version": "2.104.1",
      "resolved": "https://registry.npmjs.org/@supabase/postgrest-js/-/postgrest-js-2.104.1.tgz",
      "integrity": "sha512-RqlLpvgXsjcc27fLyHNGm3zN0KDWXbkdTdaFtaEdX83RsTEqH7BAmshH7zoUMml5lL04naUeRjS3B81O6jZcJw==",
      "license": "MIT",
      "dependencies": {
        "tslib": "2.8.1"
      },
      "engines": {
        "node": ">=20.0.0"
      }
    },
    "node_modules/@supabase/realtime-js": {
      "version": "2.104.1",
      "resolved": "https://registry.npmjs.org/@supabase/realtime-js/-/realtime-js-2.104.1.tgz",
      "integrity": "sha512-dVJHhFB2ErBd0/2qE9G8CedCrGoAtBfL9Q4zbSMXO7b1Cpld916ljSiX21mURUqijPf1WoPQG4Bp/averUzk/g==",
      "license": "MIT",
      "dependencies": {
        "@supabase/phoenix": "^0.4.0",
        "@types/ws": "^8.18.1",
        "tslib": "2.8.1",
        "ws": "^8.18.2"
      },
      "engines": {
        "node": ">=20.0.0"
      }
    },
    "node_modules/@supabase/storage-js": {
      "version": "2.104.1",
      "resolved": "https://registry.npmjs.org/@supabase/storage-js/-/storage-js-2.104.1.tgz",
      "integrity": "sha512-2bQaLbkRshctkUVuqamwYZDEd+0cGSc9DY9sjh92DcA5hu1F/1AP8p6gxGr76sgdK9Ngi0rh+2Kdh+uC4hcnGA==",
      "license": "MIT",
      "dependencies": {
        "iceberg-js": "^0.8.1",
        "tslib": "2.8.1"
      },
      "engines": {
        "node": ">=20.0.0"
      }
    },
    "node_modules/@supabase/supabase-js": {
      "version": "2.104.1",
      "resolved": "https://registry.npmjs.org/@supabase/supabase-js/-/supabase-js-2.104.1.tgz",
      "integrity": "sha512-E0H/CtVmaGjiAy+ieZ5ZB/1EqxXcGdaFaAc23AE5zaYfz6NtCNDcmaEdoGPYMPFH5pE6drGG6e3ljPmkFoGVxQ==",
      "license": "MIT",
      "dependencies": {
        "@supabase/auth-js": "2.104.1",
        "@supabase/functions-js": "2.104.1",
        "@supabase/postgrest-js": "2.104.1",
        "@supabase/realtime-js": "2.104.1",
        "@supabase/storage-js": "2.104.1"
      },
      "engines": {
        "node": ">=20.0.0"
      }
    },
    "node_modules/@types/node": {
      "version": "25.6.0",
      "resolved": "https://registry.npmjs.org/@types/node/-/node-25.6.0.tgz",
      "integrity": "sha512-+qIYRKdNYJwY3vRCZMdJbPLJAtGjQBudzZzdzwQYkEPQd+PJGixUL5QfvCLDaULoLv+RhT3LDkwEfKaAkgSmNQ==",
      "license": "MIT",
      "dependencies": {
        "undici-types": "~7.19.0"
      }
    },
    "node_modules/@types/ws": {
      "version": "8.18.1",
      "resolved": "https://registry.npmjs.org/@types/ws/-/ws-8.18.1.tgz",
      "integrity": "sha512-ThVF6DCVhA8kUGy+aazFQ4kXQ7E1Ty7A3ypFOe0IcJV8O/M511G99AW24irKrW56Wt44yG9+ij8FaqoBGkuBXg==",
      "license": "MIT",
      "dependencies": {
        "@types/node": "*"
      }
    },
    "node_modules/iceberg-js": {
      "version": "0.8.1",
      "resolved": "https://registry.npmjs.org/iceberg-js/-/iceberg-js-0.8.1.tgz",
      "integrity": "sha512-1dhVQZXhcHje7798IVM+xoo/1ZdVfzOMIc8/rgVSijRK38EDqOJoGula9N/8ZI5RD8QTxNQtK/Gozpr+qUqRRA==",
      "license": "MIT",
      "engines": {
        "node": ">=20.0.0"
      }
    },
    "node_modules/tslib": {
      "version": "2.8.1",
      "resolved": "https://registry.npmjs.org/tslib/-/tslib-2.8.1.tgz",
      "integrity": "sha512-oJFu94HQb+KVduSUQL7wnpmqnfmLsOA/nAh6b6EH0wCEoK0/mPeXU6c3wKDV83MkOuHPRHtSXKKU99IBazS/2w==",
      "license": "0BSD"
    },
    "node_modules/undici-types": {
      "version": "7.19.2",
      "resolved": "https://registry.npmjs.org/undici-types/-/undici-types-7.19.2.tgz",
      "integrity": "sha512-qYVnV5OEm2AW8cJMCpdV20CDyaN3g0AjDlOGf1OW4iaDEx8MwdtChUp4zu4H0VP3nDRF/8RKWH+IPp9uW0YGZg==",
      "license": "MIT"
    },
    "node_modules/ws": {
      "version": "8.20.0",
      "resolved": "https://registry.npmjs.org/ws/-/ws-8.20.0.tgz",
      "integrity": "sha512-sAt8BhgNbzCtgGbt2OxmpuryO63ZoDk/sqaB/znQm94T4fCEsy/yV+7CdC1kJhOU9lboAEU7R3kquuycDoibVA==",
      "license": "MIT",
      "engines": {
        "node": ">=10.0.0"
      },
      "peerDependencies": {
        "bufferutil": "^4.0.1",
        "utf-8-validate": ">=5.0.2"
      },
      "peerDependenciesMeta": {
        "bufferutil": {
          "optional": true
        },
        "utf-8-validate": {
          "optional": true
        }
      }
    }
  }
}
